
Microsoft Visual Studio Solution File, Format Version 12.00
# Visual Studio Version 16
VisualStudioVersion = 16.0.31005.135
MinimumVisualStudioVersion = 10.0.40219.1
Project("{FAE04EC0-301F-11D3-BF4B-00C04F79EFBC}") = "KalkulatorPiramidyFinansowej", "KalkulatorPiramidyFinansowej\KalkulatorPiramidyFinansowej.csproj", "{FB13515D-C652-4565-BB0D-62066466452F}"
EndProject
Global
	GlobalSection(SolutionConfigurationPlatforms) = preSolution
		Debug|Any CPU = Debug|Any CPU
		Release|Any CPU = Release|Any CPU
	EndGlobalSection
	GlobalSection(ProjectConfigurationPlatforms) = postSolution
		{FB13515D-C652-4565-BB0D-62066466452F}.Debug|Any CPU.ActiveCfg = Debug|Any CPU
		{FB13515D-C652-4565-BB0D-62066466452F}.Debug|Any CPU.Build.0 = Debug|Any CPU
		{FB13515D-C652-4565-BB0D-62066466452F}.Release|Any CPU.ActiveCfg = Release|Any CPU
		{FB13515D-C652-4565-BB0D-62066466452F}.Release|Any CPU.Build.0 = Release|Any CPU
	EndGlobalSection
	GlobalSection(SolutionProperties) = preSolution
		HideSolutionNode = FALSE
	EndGlobalSection
	GlobalSection(ExtensibilityGlobals) = postSolution
		SolutionGuid = {EDE5B7AA-24E0-4143-8FDF-49EC59391311}
	EndGlobalSection
EndGlobal
